
Microsoft Visual Studio Solution File, Format Version 12.00
# Visual Studio Version 17
VisualStudioVersion = 17.13.35919.96
MinimumVisualStudioVersion = 10.0.40219.1
Project("{FAE04EC0-301F-11D3-BF4B-00C04F79EFBC}") = "ThreeChess", "ThreeChess\ThreeChess.csproj", "{74007F4D-023C-4D98-A8EC-5755A243750C}"
EndProject
Project("{FAE04EC0-301F-11D3-BF4B-00C04F79EFBC}") = "ThreeChess.Tests", "ThreeChess.Tests\ThreeChess.Tests.csproj", "{4C869092-F9CA-4A1B-B36C-9CC550E12B13}"
EndProject
Project("{FAE04EC0-301F-11D3-BF4B-00C04F79EFBC}") = "ThreeChess.SeleniumTests", "ThreeChess.SeleniumTests\ThreeChess.SeleniumTests.csproj", "{570587E5-4A5A-4F05-976F-29B2580B9AC9}"
EndProject
Global
	GlobalSection(SolutionConfigurationPlatforms) = preSolution
		Debug|Any CPU = Debug|Any CPU
		Release|Any CPU = Release|Any CPU
	EndGlobalSection
	GlobalSection(ProjectConfigurationPlatforms) = postSolution
		{74007F4D-023C-4D98-A8EC-5755A243750C}.Debug|Any CPU.ActiveCfg = Debug|Any CPU
		{74007F4D-023C-4D98-A8EC-5755A243750C}.Debug|Any CPU.Build.0 = Debug|Any CPU
		{74007F4D-023C-4D98-A8EC-5755A243750C}.Release|Any CPU.ActiveCfg = Release|Any CPU
		{74007F4D-023C-4D98-A8EC-5755A243750C}.Release|Any CPU.Build.0 = Release|Any CPU
		{4C869092-F9CA-4A1B-B36C-9CC550E12B13}.Debug|Any CPU.ActiveCfg = Debug|Any CPU
		{4C869092-F9CA-4A1B-B36C-9CC550E12B13}.Debug|Any CPU.Build.0 = Debug|Any CPU
		{4C869092-F9CA-4A1B-B36C-9CC550E12B13}.Release|Any CPU.ActiveCfg = Release|Any CPU
		{4C869092-F9CA-4A1B-B36C-9CC550E12B13}.Release|Any CPU.Build.0 = Release|Any CPU
		{570587E5-4A5A-4F05-976F-29B2580B9AC9}.Debug|Any CPU.ActiveCfg = Debug|Any CPU
		{570587E5-4A5A-4F05-976F-29B2580B9AC9}.Debug|Any CPU.Build.0 = Debug|Any CPU
		{570587E5-4A5A-4F05-976F-29B2580B9AC9}.Release|Any CPU.ActiveCfg = Release|Any CPU
		{570587E5-4A5A-4F05-976F-29B2580B9AC9}.Release|Any CPU.Build.0 = Release|Any CPU
	EndGlobalSection
	GlobalSection(SolutionProperties) = preSolution
		HideSolutionNode = FALSE
	EndGlobalSection
	GlobalSection(ExtensibilityGlobals) = postSolution
		SolutionGuid = {78DE7B71-C5DE-410D-A080-76F004CBDA2F}
	EndGlobalSection
EndGlobal
